
Microsoft Visual Studio Solution File, Format Version 12.00
# Visual Studio Version 17
VisualStudioVersion = 17.10.35122.118
MinimumVisualStudioVersion = 10.0.40219.1
Project("{FAE04EC0-301F-11D3-BF4B-00C04F79EFBC}") = "Observer_Pattern", "Observer_Pattern\Observer_Pattern.csproj", "{3214BEDD-3689-4514-99AC-E73EB0B3BBD0}"
EndProject
Project("{FAE04EC0-301F-11D3-BF4B-00C04F79EFBC}") = "Decorator_Pattern", "Decorator_Pattern\Decorator_Pattern.csproj", "{0D4FA2F5-EF37-4266-9077-283AD6BB3DD6}"
EndProject
Global
	GlobalSection(SolutionConfigurationPlatforms) = preSolution
		Debug|Any CPU = Debug|Any CPU
		Release|Any CPU = Release|Any CPU
	EndGlobalSection
	GlobalSection(ProjectConfigurationPlatforms) = postSolution
		{3214BEDD-3689-4514-99AC-E73EB0B3BBD0}.Debug|Any CPU.ActiveCfg = Debug|Any CPU
		{3214BEDD-3689-4514-99AC-E73EB0B3BBD0}.Debug|Any CPU.Build.0 = Debug|Any CPU
		{3214BEDD-3689-4514-99AC-E73EB0B3BBD0}.Release|Any CPU.ActiveCfg = Release|Any CPU
		{3214BEDD-3689-4514-99AC-E73EB0B3BBD0}.Release|Any CPU.Build.0 = Release|Any CPU
		{0D4FA2F5-EF37-4266-9077-283AD6BB3DD6}.Debug|Any CPU.ActiveCfg = Debug|Any CPU
		{0D4FA2F5-EF37-4266-9077-283AD6BB3DD6}.Debug|Any CPU.Build.0 = Debug|Any CPU
		{0D4FA2F5-EF37-4266-9077-283AD6BB3DD6}.Release|Any CPU.ActiveCfg = Release|Any CPU
		{0D4FA2F5-EF37-4266-9077-283AD6BB3DD6}.Release|Any CPU.Build.0 = Release|Any CPU
	EndGlobalSection
	GlobalSection(SolutionProperties) = preSolution
		HideSolutionNode = FALSE
	EndGlobalSection
	GlobalSection(ExtensibilityGlobals) = postSolution
		SolutionGuid = {46BCED55-1FAC-42DA-9044-52BE578564E6}
	EndGlobalSection
EndGlobal
